// !$*UTF8*$!
{
	archiveVersion = 1;
	classes = {
	};
	objectVersion = 46;
	objects = {

/* Begin PBXBuildFile section */
		760DB0B50A7347A88A913B93 /* libPods-ZTBird.a in Frameworks */ = {isa = PBXBuildFile; fileRef = 8B80CD9A25BD44FC85A47E2F /* libPods-ZTBird.a */; };
		7C0CDE63196515C100F7CADF /* CatalogViewController.m in Sources */ = {isa = PBXBuildFile; fileRef = 7C0CDE62196515C100F7CADF /* CatalogViewController.m */; };
		7C1CEBE618BAAF790097251F /* CoreLocation.framework in Frameworks */ = {isa = PBXBuildFile; fileRef = 7C1CEBE518BAAF790097251F /* CoreLocation.framework */; };
		7C1CEBE918BAB77D0097251F /* FirstViewController.m in Sources */ = {isa = PBXBuildFile; fileRef = 7C1CEBE818BAB77D0097251F /* FirstViewController.m */; };
		7C1CEBEC18BAF25D0097251F /* BirdPin.m in Sources */ = {isa = PBXBuildFile; fileRef = 7C1CEBEB18BAF25D0097251F /* BirdPin.m */; };
		7C37A5E3197772E100F2BDD2 /* acachecklist.txt in Resources */ = {isa = PBXBuildFile; fileRef = 7C37A5E2197772E100F2BDD2 /* acachecklist.txt */; };
		7C37A5E6197774A300F2BDD2 /* BirdInfo.m in Sources */ = {isa = PBXBuildFile; fileRef = 7C37A5E5197774A300F2BDD2 /* BirdInfo.m */; };
		7C802950191B370C00187475 /* Bird.m in Sources */ = {isa = PBXBuildFile; fileRef = 7C80294F191B370C00187475 /* Bird.m */; };
		7C802953191B37EC00187475 /* TaxonViewController.m in Sources */ = {isa = PBXBuildFile; fileRef = 7C802952191B37EC00187475 /* TaxonViewController.m */; };
		7CA9E6D91968FE0E008ED536 /* FlickrCell.m in Sources */ = {isa = PBXBuildFile; fileRef = 7CA9E6D81968FE0E008ED536 /* FlickrCell.m */; };
		7CA9E6DC196E4141008ED536 /* FlickrLargeViewController.m in Sources */ = {isa = PBXBuildFile; fileRef = 7CA9E6DB196E4141008ED536 /* FlickrLargeViewController.m */; };
		7CC50429195E853F006AF1C2 /* CoreData.framework in Frameworks */ = {isa = PBXBuildFile; fileRef = 7CC50428195E853F006AF1C2 /* CoreData.framework */; };
		7CC5042C195E8565006AF1C2 /* TaxonModel.xcdatamodeld in Sources */ = {isa = PBXBuildFile; fileRef = 7CC5042A195E8565006AF1C2 /* TaxonModel.xcdatamodeld */; };
		7CDBC7B618B9ADFE00438A77 /* Foundation.framework in Frameworks */ = {isa = PBXBuildFile; fileRef = 7CDBC7B518B9ADFE00438A77 /* Foundation.framework */; };
		7CDBC7B818B9ADFE00438A77 /* CoreGraphics.framework in Frameworks */ = {isa = PBXBuildFile; fileRef = 7CDBC7B718B9ADFE00438A77 /* CoreGraphics.framework */; };
		7CDBC7BA18B9ADFE00438A77 /* UIKit.framework in Frameworks */ = {isa = PBXBuildFile; fileRef = 7CDBC7B918B9ADFE00438A77 /* UIKit.framework */; };
		7CDBC7C018B9ADFE00438A77 /* InfoPlist.strings in Resources */ = {isa = PBXBuildFile; fileRef = 7CDBC7BE18B9ADFE00438A77 /* InfoPlist.strings */; };
		7CDBC7C218B9ADFE00438A77 /* main.m in Sources */ = {isa = PBXBuildFile; fileRef = 7CDBC7C118B9ADFE00438A77 /* main.m */; };
		7CDBC7C618B9ADFE00438A77 /* AppDelegate.m in Sources */ = {isa = PBXBuildFile; fileRef = 7CDBC7C518B9ADFE00438A77 /* AppDelegate.m */; };
		7CDBC7C918B9ADFE00438A77 /* Main.storyboard in Resources */ = {isa = PBXBuildFile; fileRef = 7CDBC7C718B9ADFE00438A77 /* Main.storyboard */; };
		7CDBC7CE18B9ADFE00438A77 /* Images.xcassets in Resources */ = {isa = PBXBuildFile; fileRef = 7CDBC7CD18B9ADFE00438A77 /* Images.xcassets */; };
		7CDBC7D518B9ADFE00438A77 /* XCTest.framework in Frameworks */ = {isa = PBXBuildFile; fileRef = 7CDBC7D418B9ADFE00438A77 /* XCTest.framework */; };
		7CDBC7D618B9ADFE00438A77 /* Foundation.framework in Frameworks */ = {isa = PBXBuildFile; fileRef = 7CDBC7B518B9ADFE00438A77 /* Foundation.framework */; };
		7CDBC7D718B9ADFE00438A77 /* UIKit.framework in Frameworks */ = {isa = PBXBuildFile; fileRef = 7CDBC7B918B9ADFE00438A77 /* UIKit.framework */; };
		7CDBC7DF18B9ADFE00438A77 /* InfoPlist.strings in Resources */ = {isa = PBXBuildFile; fileRef = 7CDBC7DD18B9ADFE00438A77 /* InfoPlist.strings */; };
		7CDBC7E118B9ADFE00438A77 /* ZTBirdTests.m in Sources */ = {isa = PBXBuildFile; fileRef = 7CDBC7E018B9ADFE00438A77 /* ZTBirdTests.m */; };
		7CDBC7EC18B9AEB600438A77 /* NearbyViewController.mm in Sources */ = {isa = PBXBuildFile; fileRef = 7CDBC7EB18B9AEB600438A77 /* NearbyViewController.mm */; };
		7CDBC7EE18B9B0AC00438A77 /* BirdResultCell.xib in Resources */ = {isa = PBXBuildFile; fileRef = 7CDBC7ED18B9B0AC00438A77 /* BirdResultCell.xib */; };
		7CDBC7F118B9B5B400438A77 /* BirdResultCell.m in Sources */ = {isa = PBXBuildFile; fileRef = 7CDBC7F018B9B5B400438A77 /* BirdResultCell.m */; };
		7CDBC7F818B9C87500438A77 /* MapKit.framework in Frameworks */ = {isa = PBXBuildFile; fileRef = 7CDBC7F718B9C87500438A77 /* MapKit.framework */; };
		7CE30FAD196510A100C8F956 /* BirdList.txt in Resources */ = {isa = PBXBuildFile; fileRef = 7CE30FAC196510A100C8F956 /* BirdList.txt */; };
		7CFE6E891967B6BA00C94789 /* Flickr.m in Sources */ = {isa = PBXBuildFile; fileRef = 7CFE6E861967B6BA00C94789 /* Flickr.m */; };
		7CFE6E8A1967B6BA00C94789 /* FlickrPhoto.m in Sources */ = {isa = PBXBuildFile; fileRef = 7CFE6E881967B6BA00C94789 /* FlickrPhoto.m */; };
		7CFE6E8D1967B7F000C94789 /* BirdDetailViewController.m in Sources */ = {isa = PBXBuildFile; fileRef = 7CFE6E8C1967B7F000C94789 /* BirdDetailViewController.m */; };
/* End PBXBuildFile section */

/* Begin PBXContainerItemProxy section */
		7CDBC7D818B9ADFE00438A77 /* PBXContainerItemProxy */ = {
			isa = PBXContainerItemProxy;
			containerPortal = 7CDBC7AA18B9ADFD00438A77 /* Project object */;
			proxyType = 1;
			remoteGlobalIDString = 7CDBC7B118B9ADFD00438A77;
			remoteInfo = ZTBird;
		};
/* End PBXContainerItemProxy section */

/* Begin PBXFileReference section */
		455BAD983CC344C8A977DF22 /* Pods-ZTBird.xcconfig */ = {isa = PBXFileReference; includeInIndex = 1; lastKnownFileType = text.xcconfig; name = "Pods-ZTBird.xcconfig"; path = "Pods/Pods-ZTBird.xcconfig"; sourceTree = "<group>"; };
		7C0CDE61196515C100F7CADF /* CatalogViewController.h */ = {isa = PBXFileReference; fileEncoding = 4; lastKnownFileType = sourcecode.c.h; path = CatalogViewController.h; sourceTree = "<group>"; };
		7C0CDE62196515C100F7CADF /* CatalogViewController.m */ = {isa = PBXFileReference; fileEncoding = 4; lastKnownFileType = sourcecode.c.objc; path = CatalogViewController.m; sourceTree = "<group>"; };
		7C1CEBE518BAAF790097251F /* CoreLocation.framework */ = {isa = PBXFileReference; lastKnownFileType = wrapper.framework; name = CoreLocation.framework; path = System/Library/Frameworks/CoreLocation.framework; sourceTree = SDKROOT; };
		7C1CEBE718BAB77D0097251F /* FirstViewController.h */ = {isa = PBXFileReference; fileEncoding = 4; lastKnownFileType = sourcecode.c.h; path = FirstViewController.h; sourceTree = "<group>"; };
		7C1CEBE818BAB77D0097251F /* FirstViewController.m */ = {isa = PBXFileReference; fileEncoding = 4; lastKnownFileType = sourcecode.c.objc; path = FirstViewController.m; sourceTree = "<group>"; };
		7C1CEBEA18BAF25D0097251F /* BirdPin.h */ = {isa = PBXFileReference; fileEncoding = 4; lastKnownFileType = sourcecode.c.h; path = BirdPin.h; sourceTree = "<group>"; };
		7C1CEBEB18BAF25D0097251F /* BirdPin.m */ = {isa = PBXFileReference; fileEncoding = 4; lastKnownFileType = sourcecode.c.objc; path = BirdPin.m; sourceTree = "<group>"; };
		7C37A5E2197772E100F2BDD2 /* acachecklist.txt */ = {isa = PBXFileReference; fileEncoding = 4; lastKnownFileType = text; path = acachecklist.txt; sourceTree = "<group>"; };
		7C37A5E4197774A300F2BDD2 /* BirdInfo.h */ = {isa = PBXFileReference; fileEncoding = 4; lastKnownFileType = sourcecode.c.h; name = BirdInfo.h; path = ZTBird/BirdInfo.h; sourceTree = "<group>"; };
		7C37A5E5197774A300F2BDD2 /* BirdInfo.m */ = {isa = PBXFileReference; fileEncoding = 4; lastKnownFileType = sourcecode.c.objc; name = BirdInfo.m; path = ZTBird/BirdInfo.m; sourceTree = "<group>"; };
		7C80294E191B370C00187475 /* Bird.h */ = {isa = PBXFileReference; fileEncoding = 4; lastKnownFileType = sourcecode.c.h; path = Bird.h; sourceTree = "<group>"; };
		7C80294F191B370C00187475 /* Bird.m */ = {isa = PBXFileReference; fileEncoding = 4; lastKnownFileType = sourcecode.c.objc; path = Bird.m; sourceTree = "<group>"; };
		7C802951191B37EC00187475 /* TaxonViewController.h */ = {isa = PBXFileReference; fileEncoding = 4; lastKnownFileType = sourcecode.c.h; path = TaxonViewController.h; sourceTree = "<group>"; };
		7C802952191B37EC00187475 /* TaxonViewController.m */ = {isa = PBXFileReference; fileEncoding = 4; lastKnownFileType = sourcecode.c.objc; path = TaxonViewController.m; sourceTree = "<group>"; };
		7CA9E6D71968FE0E008ED536 /* FlickrCell.h */ = {isa = PBXFileReference; fileEncoding = 4; lastKnownFileType = sourcecode.c.h; path = FlickrCell.h; sourceTree = "<group>"; };
		7CA9E6D81968FE0E008ED536 /* FlickrCell.m */ = {isa = PBXFileReference; fileEncoding = 4; lastKnownFileType = sourcecode.c.objc; path = FlickrCell.m; sourceTree = "<group>"; };
		7CA9E6DA196E4141008ED536 /* FlickrLargeViewController.h */ = {isa = PBXFileReference; fileEncoding = 4; lastKnownFileType = sourcecode.c.h; name = FlickrLargeViewController.h; path = ../FlickrLargeViewController.h; sourceTree = "<group>"; };
		7CA9E6DB196E4141008ED536 /* FlickrLargeViewController.m */ = {isa = PBXFileReference; fileEncoding = 4; lastKnownFileType = sourcecode.c.objc; name = FlickrLargeViewController.m; path = ../FlickrLargeViewController.m; sourceTree = "<group>"; };
		7CC50428195E853F006AF1C2 /* CoreData.framework */ = {isa = PBXFileReference; lastKnownFileType = wrapper.framework; name = CoreData.framework; path = System/Library/Frameworks/CoreData.framework; sourceTree = SDKROOT; };
		7CC5042B195E8565006AF1C2 /* TaxonModel.xcdatamodel */ = {isa = PBXFileReference; lastKnownFileType = wrapper.xcdatamodel; path = TaxonModel.xcdatamodel; sourceTree = "<group>"; };
		7CDBC7B218B9ADFE00438A77 /* ZTBird.app */ = {isa = PBXFileReference; explicitFileType = wrapper.application; includeInIndex = 0; path = ZTBird.app; sourceTree = BUILT_PRODUCTS_DIR; };
		7CDBC7B518B9ADFE00438A77 /* Foundation.framework */ = {isa = PBXFileReference; lastKnownFileType = wrapper.framework; name = Foundation.framework; path = System/Library/Frameworks/Foundation.framework; sourceTree = SDKROOT; };
		7CDBC7B718B9ADFE00438A77 /* CoreGraphics.framework */ = {isa = PBXFileReference; lastKnownFileType = wrapper.framework; name = CoreGraphics.framework; path = System/Library/Frameworks/CoreGraphics.framework; sourceTree = SDKROOT; };
		7CDBC7B918B9ADFE00438A77 /* UIKit.framework */ = {isa = PBXFileReference; lastKnownFileType = wrapper.framework; name = UIKit.framework; path = System/Library/Frameworks/UIKit.framework; sourceTree = SDKROOT; };
		7CDBC7BD18B9ADFE00438A77 /* ZTBird-Info.plist */ = {isa = PBXFileReference; lastKnownFileType = text.plist.xml; path = "ZTBird-Info.plist"; sourceTree = "<group>"; };
		7CDBC7BF18B9ADFE00438A77 /* en */ = {isa = PBXFileReference; lastKnownFileType = text.plist.strings; name = en; path = en.lproj/InfoPlist.strings; sourceTree = "<group>"; };
		7CDBC7C118B9ADFE00438A77 /* main.m */ = {isa = PBXFileReference; lastKnownFileType = sourcecode.c.objc; path = main.m; sourceTree = "<group>"; };
		7CDBC7C318B9ADFE00438A77 /* ZTBird-Prefix.pch */ = {isa = PBXFileReference; lastKnownFileType = sourcecode.c.h; path = "ZTBird-Prefix.pch"; sourceTree = "<group>"; };
		7CDBC7C418B9ADFE00438A77 /* AppDelegate.h */ = {isa = PBXFileReference; lastKnownFileType = sourcecode.c.h; path = AppDelegate.h; sourceTree = "<group>"; };
		7CDBC7C518B9ADFE00438A77 /* AppDelegate.m */ = {isa = PBXFileReference; lastKnownFileType = sourcecode.c.objc; path = AppDelegate.m; sourceTree = "<group>"; };
		7CDBC7C818B9ADFE00438A77 /* Base */ = {isa = PBXFileReference; lastKnownFileType = file.storyboard; name = Base; path = Base.lproj/Main.storyboard; sourceTree = "<group>"; };
		7CDBC7CD18B9ADFE00438A77 /* Images.xcassets */ = {isa = PBXFileReference; lastKnownFileType = folder.assetcatalog; path = Images.xcassets; sourceTree = "<group>"; };
		7CDBC7D318B9ADFE00438A77 /* ZTBirdTests.xctest */ = {isa = PBXFileReference; explicitFileType = wrapper.cfbundle; includeInIndex = 0; path = ZTBirdTests.xctest; sourceTree = BUILT_PRODUCTS_DIR; };
		7CDBC7D418B9ADFE00438A77 /* XCTest.framework */ = {isa = PBXFileReference; lastKnownFileType = wrapper.framework; name = XCTest.framework; path = Library/Frameworks/XCTest.framework; sourceTree = DEVELOPER_DIR; };
		7CDBC7DC18B9ADFE00438A77 /* ZTBirdTests-Info.plist */ = {isa = PBXFileReference; lastKnownFileType = text.plist.xml; path = "ZTBirdTests-Info.plist"; sourceTree = "<group>"; };
		7CDBC7DE18B9ADFE00438A77 /* en */ = {isa = PBXFileReference; lastKnownFileType = text.plist.strings; name = en; path = en.lproj/InfoPlist.strings; sourceTree = "<group>"; };
		7CDBC7E018B9ADFE00438A77 /* ZTBirdTests.m */ = {isa = PBXFileReference; lastKnownFileType = sourcecode.c.objc; path = ZTBirdTests.m; sourceTree = "<group>"; };
		7CDBC7EA18B9AEB600438A77 /* NearbyViewController.h */ = {isa = PBXFileReference; fileEncoding = 4; lastKnownFileType = sourcecode.c.h; path = NearbyViewController.h; sourceTree = "<group>"; };
		7CDBC7EB18B9AEB600438A77 /* NearbyViewController.mm */ = {isa = PBXFileReference; fileEncoding = 4; lastKnownFileType = sourcecode.cpp.objcpp; path = NearbyViewController.mm; sourceTree = "<group>"; };
		7CDBC7ED18B9B0AC00438A77 /* BirdResultCell.xib */ = {isa = PBXFileReference; fileEncoding = 4; lastKnownFileType = file.xib; path = BirdResultCell.xib; sourceTree = "<group>"; };
		7CDBC7EF18B9B5B400438A77 /* BirdResultCell.h */ = {isa = PBXFileReference; fileEncoding = 4; lastKnownFileType = sourcecode.c.h; path = BirdResultCell.h; sourceTree = "<group>"; };
		7CDBC7F018B9B5B400438A77 /* BirdResultCell.m */ = {isa = PBXFileReference; fileEncoding = 4; lastKnownFileType = sourcecode.c.objc; path = BirdResultCell.m; sourceTree = "<group>"; };
		7CDBC7F718B9C87500438A77 /* MapKit.framework */ = {isa = PBXFileReference; lastKnownFileType = wrapper.framework; name = MapKit.framework; path = System/Library/Frameworks/MapKit.framework; sourceTree = SDKROOT; };
		7CE30FAC196510A100C8F956 /* BirdList.txt */ = {isa = PBXFileReference; fileEncoding = 4; lastKnownFileType = text; path = BirdList.txt; sourceTree = "<group>"; };
		7CFE6E851967B6BA00C94789 /* Flickr.h */ = {isa = PBXFileReference; fileEncoding = 4; lastKnownFileType = sourcecode.c.h; path = Flickr.h; sourceTree = "<group>"; };
		7CFE6E861967B6BA00C94789 /* Flickr.m */ = {isa = PBXFileReference; fileEncoding = 4; lastKnownFileType = sourcecode.c.objc; path = Flickr.m; sourceTree = "<group>"; };
		7CFE6E871967B6BA00C94789 /* FlickrPhoto.h */ = {isa = PBXFileReference; fileEncoding = 4; lastKnownFileType = sourcecode.c.h; path = FlickrPhoto.h; sourceTree = "<group>"; };
		7CFE6E881967B6BA00C94789 /* FlickrPhoto.m */ = {isa = PBXFileReference; fileEncoding = 4; lastKnownFileType = sourcecode.c.objc; path = FlickrPhoto.m; sourceTree = "<group>"; };
		7CFE6E8B1967B7F000C94789 /* BirdDetailViewController.h */ = {isa = PBXFileReference; fileEncoding = 4; lastKnownFileType = sourcecode.c.h; path = BirdDetailViewController.h; sourceTree = "<group>"; };
		7CFE6E8C1967B7F000C94789 /* BirdDetailViewController.m */ = {isa = PBXFileReference; fileEncoding = 4; lastKnownFileType = sourcecode.c.objc; path = BirdDetailViewController.m; sourceTree = "<group>"; };
		8B80CD9A25BD44FC85A47E2F /* libPods-ZTBird.a */ = {isa = PBXFileReference; explicitFileType = archive.ar; includeInIndex = 0; path = "libPods-ZTBird.a"; sourceTree = BUILT_PRODUCTS_DIR; };
/* End PBXFileReference section */

/* Begin PBXFrameworksBuildPhase section */
		7CDBC7AF18B9ADFD00438A77 /* Frameworks */ = {
			isa = PBXFrameworksBuildPhase;
			buildActionMask = 2147483647;
			files = (
				7CC50429195E853F006AF1C2 /* CoreData.framework in Frameworks */,
				7C1CEBE618BAAF790097251F /* CoreLocation.framework in Frameworks */,
				7CDBC7F818B9C87500438A77 /* MapKit.framework in Frameworks */,
				7CDBC7B818B9ADFE00438A77 /* CoreGraphics.framework in Frameworks */,
				7CDBC7BA18B9ADFE00438A77 /* UIKit.framework in Frameworks */,
				7CDBC7B618B9ADFE00438A77 /* Foundation.framework in Frameworks */,
				760DB0B50A7347A88A913B93 /* libPods-ZTBird.a in Frameworks */,
			);
			runOnlyForDeploymentPostprocessing = 0;
		};
		7CDBC7D018B9ADFE00438A77 /* Frameworks */ = {
			isa = PBXFrameworksBuildPhase;
			buildActionMask = 2147483647;
			files = (
				7CDBC7D518B9ADFE00438A77 /* XCTest.framework in Frameworks */,
				7CDBC7D718B9ADFE00438A77 /* UIKit.framework in Frameworks */,
				7CDBC7D618B9ADFE00438A77 /* Foundation.framework in Frameworks */,
			);
			runOnlyForDeploymentPostprocessing = 0;
		};
/* End PBXFrameworksBuildPhase section */

/* Begin PBXGroup section */
		7C37A5DE19724A8900F2BDD2 /* Model Class */ = {
			isa = PBXGroup;
			children = (
				7C37A5E4197774A300F2BDD2 /* BirdInfo.h */,
				7C37A5E5197774A300F2BDD2 /* BirdInfo.m */,
			);
			name = "Model Class";
			sourceTree = "<group>";
		};
		7C37A5E019724B6500F2BDD2 /* Application Delegate */ = {
			isa = PBXGroup;
			children = (
				7CDBC7C418B9ADFE00438A77 /* AppDelegate.h */,
				7CDBC7C518B9ADFE00438A77 /* AppDelegate.m */,
			);
			name = "Application Delegate";
			path = ZTBird;
			sourceTree = "<group>";
		};
		7C37A5E119724B8000F2BDD2 /* Resources */ = {
			isa = PBXGroup;
			children = (
				7CE30FAC196510A100C8F956 /* BirdList.txt */,
				7C37A5E2197772E100F2BDD2 /* acachecklist.txt */,
				7CDBC7BE18B9ADFE00438A77 /* InfoPlist.strings */,
				7CC5042A195E8565006AF1C2 /* TaxonModel.xcdatamodeld */,
				7CDBC7C718B9ADFE00438A77 /* Main.storyboard */,
				7CDBC7CD18B9ADFE00438A77 /* Images.xcassets */,
			);
			name = Resources;
			path = ZTBird;
			sourceTree = "<group>";
		};
		7CDBC7A918B9ADFD00438A77 = {
			isa = PBXGroup;
			children = (
				7C37A5E119724B8000F2BDD2 /* Resources */,
				7C37A5E019724B6500F2BDD2 /* Application Delegate */,
				7CDBC7BC18B9ADFE00438A77 /* Supporting Files */,
				7C37A5DE19724A8900F2BDD2 /* Model Class */,
				7CDBC7BB18B9ADFE00438A77 /* View Controllers */,
				7CDBC7DA18B9ADFE00438A77 /* ZTBirdTests */,
				7CDBC7B418B9ADFE00438A77 /* Frameworks */,
				7CDBC7B318B9ADFE00438A77 /* Products */,
				455BAD983CC344C8A977DF22 /* Pods-ZTBird.xcconfig */,
			);
			sourceTree = "<group>";
		};
		7CDBC7B318B9ADFE00438A77 /* Products */ = {
			isa = PBXGroup;
			children = (
				7CDBC7B218B9ADFE00438A77 /* ZTBird.app */,
				7CDBC7D318B9ADFE00438A77 /* ZTBirdTests.xctest */,
			);
			name = Products;
			sourceTree = "<group>";
		};
		7CDBC7B418B9ADFE00438A77 /* Frameworks */ = {
			isa = PBXGroup;
			children = (
				7CC50428195E853F006AF1C2 /* CoreData.framework */,
				7C1CEBE518BAAF790097251F /* CoreLocation.framework */,
				7CDBC7F718B9C87500438A77 /* MapKit.framework */,
				7CDBC7B518B9ADFE00438A77 /* Foundation.framework */,
				7CDBC7B718B9ADFE00438A77 /* CoreGraphics.framework */,
				7CDBC7B918B9ADFE00438A77 /* UIKit.framework */,
				7CDBC7D418B9ADFE00438A77 /* XCTest.framework */,
				8B80CD9A25BD44FC85A47E2F /* libPods-ZTBird.a */,
			);
			name = Frameworks;
			sourceTree = "<group>";
		};
		7CDBC7BB18B9ADFE00438A77 /* View Controllers */ = {
			isa = PBXGroup;
			children = (
				7CA9E6D71968FE0E008ED536 /* FlickrCell.h */,
				7CA9E6D81968FE0E008ED536 /* FlickrCell.m */,
				7CA9E6DA196E4141008ED536 /* FlickrLargeViewController.h */,
				7CA9E6DB196E4141008ED536 /* FlickrLargeViewController.m */,
				7CFE6E8B1967B7F000C94789 /* BirdDetailViewController.h */,
				7CFE6E8C1967B7F000C94789 /* BirdDetailViewController.m */,
				7CFE6E851967B6BA00C94789 /* Flickr.h */,
				7CFE6E861967B6BA00C94789 /* Flickr.m */,
				7CFE6E871967B6BA00C94789 /* FlickrPhoto.h */,
				7CFE6E881967B6BA00C94789 /* FlickrPhoto.m */,
				7C0CDE61196515C100F7CADF /* CatalogViewController.h */,
				7C0CDE62196515C100F7CADF /* CatalogViewController.m */,
				7CDBC7EA18B9AEB600438A77 /* NearbyViewController.h */,
				7CDBC7EB18B9AEB600438A77 /* NearbyViewController.mm */,
				7CDBC7ED18B9B0AC00438A77 /* BirdResultCell.xib */,
				7CDBC7EF18B9B5B400438A77 /* BirdResultCell.h */,
				7CDBC7F018B9B5B400438A77 /* BirdResultCell.m */,
				7C80294E191B370C00187475 /* Bird.h */,
				7C80294F191B370C00187475 /* Bird.m */,
				7C802951191B37EC00187475 /* TaxonViewController.h */,
				7C802952191B37EC00187475 /* TaxonViewController.m */,
				7C1CEBE718BAB77D0097251F /* FirstViewController.h */,
				7C1CEBE818BAB77D0097251F /* FirstViewController.m */,
				7C1CEBEA18BAF25D0097251F /* BirdPin.h */,
				7C1CEBEB18BAF25D0097251F /* BirdPin.m */,
			);
			name = "View Controllers";
			path = ZTBird;
			sourceTree = "<group>";
		};
		7CDBC7BC18B9ADFE00438A77 /* Supporting Files */ = {
			isa = PBXGroup;
			children = (
				7CDBC7BD18B9ADFE00438A77 /* ZTBird-Info.plist */,
				7CDBC7C118B9ADFE00438A77 /* main.m */,
				7CDBC7C318B9ADFE00438A77 /* ZTBird-Prefix.pch */,
			);
			name = "Supporting Files";
			path = ZTBird;
			sourceTree = "<group>";
		};
		7CDBC7DA18B9ADFE00438A77 /* ZTBirdTests */ = {
			isa = PBXGroup;
			children = (
				7CDBC7E018B9ADFE00438A77 /* ZTBirdTests.m */,
				7CDBC7DB18B9ADFE00438A77 /* Supporting Files */,
			);
			path = ZTBirdTests;
			sourceTree = "<group>";
		};
		7CDBC7DB18B9ADFE00438A77 /* Supporting Files */ = {
			isa = PBXGroup;
			children = (
				7CDBC7DC18B9ADFE00438A77 /* ZTBirdTests-Info.plist */,
				7CDBC7DD18B9ADFE00438A77 /* InfoPlist.strings */,
			);
			name = "Supporting Files";
			sourceTree = "<group>";
		};
/* End PBXGroup section */

/* Begin PBXNativeTarget section */
		7CDBC7B118B9ADFD00438A77 /* ZTBird */ = {
			isa = PBXNativeTarget;
			buildConfigurationList = 7CDBC7E418B9ADFE00438A77 /* Build configuration list for PBXNativeTarget "ZTBird" */;
			buildPhases = (
				E5331DF61BCD4C4A957FA3E9 /* Check Pods Manifest.lock */,
				7CDBC7AE18B9ADFD00438A77 /* Sources */,
				7CDBC7AF18B9ADFD00438A77 /* Frameworks */,
				7CDBC7B018B9ADFD00438A77 /* Resources */,
				BA884CA309E24790B74D561D /* Copy Pods Resources */,
			);
			buildRules = (
			);
			dependencies = (
			);
			name = ZTBird;
			productName = ZTBird;
			productReference = 7CDBC7B218B9ADFE00438A77 /* ZTBird.app */;
			productType = "com.apple.product-type.application";
		};
		7CDBC7D218B9ADFE00438A77 /* ZTBirdTests */ = {
			isa = PBXNativeTarget;
			buildConfigurationList = 7CDBC7E718B9ADFE00438A77 /* Build configuration list for PBXNativeTarget "ZTBirdTests" */;
			buildPhases = (
				7CDBC7CF18B9ADFE00438A77 /* Sources */,
				7CDBC7D018B9ADFE00438A77 /* Frameworks */,
				7CDBC7D118B9ADFE00438A77 /* Resources */,
			);
			buildRules = (
			);
			dependencies = (
				7CDBC7D918B9ADFE00438A77 /* PBXTargetDependency */,
			);
			name = ZTBirdTests;
			productName = ZTBirdTests;
			productReference = 7CDBC7D318B9ADFE00438A77 /* ZTBirdTests.xctest */;
			productType = "com.apple.product-type.bundle.unit-test";
		};
/* End PBXNativeTarget section */

/* Begin PBXProject section */
		7CDBC7AA18B9ADFD00438A77 /* Project object */ = {
			isa = PBXProject;
			attributes = {
				LastUpgradeCheck = 0510;
				ORGANIZATIONNAME = "Zhuo Tao";
				TargetAttributes = {
					7CDBC7B118B9ADFD00438A77 = {
						DevelopmentTeam = 2E85U37449;
					};
					7CDBC7D218B9ADFE00438A77 = {
						TestTargetID = 7CDBC7B118B9ADFD00438A77;
					};
				};
			};
			buildConfigurationList = 7CDBC7AD18B9ADFD00438A77 /* Build configuration list for PBXProject "ZTBird" */;
			compatibilityVersion = "Xcode 3.2";
			developmentRegion = English;
			hasScannedForEncodings = 0;
			knownRegions = (
				en,
				Base,
			);
			mainGroup = 7CDBC7A918B9ADFD00438A77;
			productRefGroup = 7CDBC7B318B9ADFE00438A77 /* Products */;
			projectDirPath = "";
			projectRoot = "";
			targets = (
				7CDBC7B118B9ADFD00438A77 /* ZTBird */,
				7CDBC7D218B9ADFE00438A77 /* ZTBirdTests */,
			);
		};
/* End PBXProject section */

/* Begin PBXResourcesBuildPhase section */
		7CDBC7B018B9ADFD00438A77 /* Resources */ = {
			isa = PBXResourcesBuildPhase;
			buildActionMask = 2147483647;
			files = (
				7CDBC7CE18B9ADFE00438A77 /* Images.xcassets in Resources */,
				7CE30FAD196510A100C8F956 /* BirdList.txt in Resources */,
				7CDBC7C018B9ADFE00438A77 /* InfoPlist.strings in Resources */,
				7CDBC7C918B9ADFE00438A77 /* Main.storyboard in Resources */,
				7CDBC7EE18B9B0AC00438A77 /* BirdResultCell.xib in Resources */,
				7C37A5E3197772E100F2BDD2 /* acachecklist.txt in Resources */,
			);
			runOnlyForDeploymentPostprocessing = 0;
		};
		7CDBC7D118B9ADFE00438A77 /* Resources */ = {
			isa = PBXResourcesBuildPhase;
			buildActionMask = 2147483647;
			files = (
				7CDBC7DF18B9ADFE00438A77 /* InfoPlist.strings in Resources */,
			);
			runOnlyForDeploymentPostprocessing = 0;
		};
/* End PBXResourcesBuildPhase section */

/* Begin PBXShellScriptBuildPhase section */
		BA884CA309E24790B74D561D /* Copy Pods Resources */ = {
			isa = PBXShellScriptBuildPhase;
			buildActionMask = 2147483647;
			files = (
			);
			inputPaths = (
			);
			name = "Copy Pods Resources";
			outputPaths = (
			);
			runOnlyForDeploymentPostprocessing = 0;
			shellPath = /bin/sh;
			shellScript = "\"${SRCROOT}/Pods/Pods-ZTBird-resources.sh\"\n";
			showEnvVarsInLog = 0;
		};
		E5331DF61BCD4C4A957FA3E9 /* Check Pods Manifest.lock */ = {
			isa = PBXShellScriptBuildPhase;
			buildActionMask = 2147483647;
			files = (
			);
			inputPaths = (
			);
			name = "Check Pods Manifest.lock";
			outputPaths = (
			);
			runOnlyForDeploymentPostprocessing = 0;
			shellPath = /bin/sh;
			shellScript = "diff \"${PODS_ROOT}/../Podfile.lock\" \"${PODS_ROOT}/Manifest.lock\" > /dev/null\nif [[ $? != 0 ]] ; then\n    cat << EOM\nerror: The sandbox is not in sync with the Podfile.lock. Run 'pod install' or update your CocoaPods installation.\nEOM\n    exit 1\nfi\n";
			showEnvVarsInLog = 0;
		};
/* End PBXShellScriptBuildPhase section */

/* Begin PBXSourcesBuildPhase section */
		7CDBC7AE18B9ADFD00438A77 /* Sources */ = {
			isa = PBXSourcesBuildPhase;
			buildActionMask = 2147483647;
			files = (
				7CDBC7EC18B9AEB600438A77 /* NearbyViewController.mm in Sources */,
				7C802953191B37EC00187475 /* TaxonViewController.m in Sources */,
				7C37A5E6197774A300F2BDD2 /* BirdInfo.m in Sources */,
				7CDBC7C618B9ADFE00438A77 /* AppDelegate.m in Sources */,
				7C1CEBE918BAB77D0097251F /* FirstViewController.m in Sources */,
				7C802950191B370C00187475 /* Bird.m in Sources */,
				7C0CDE63196515C100F7CADF /* CatalogViewController.m in Sources */,
				7CFE6E8D1967B7F000C94789 /* BirdDetailViewController.m in Sources */,
				7CA9E6D91968FE0E008ED536 /* FlickrCell.m in Sources */,
				7CDBC7C218B9ADFE00438A77 /* main.m in Sources */,
				7C1CEBEC18BAF25D0097251F /* BirdPin.m in Sources */,
				7CA9E6DC196E4141008ED536 /* FlickrLargeViewController.m in Sources */,
				7CFE6E8A1967B6BA00C94789 /* FlickrPhoto.m in Sources */,
				7CC5042C195E8565006AF1C2 /* TaxonModel.xcdatamodeld in Sources */,
				7CFE6E891967B6BA00C94789 /* Flickr.m in Sources */,
				7CDBC7F118B9B5B400438A77 /* BirdResultCell.m in Sources */,
			);
			runOnlyForDeploymentPostprocessing = 0;
		};
		7CDBC7CF18B9ADFE00438A77 /* Sources */ = {
			isa = PBXSourcesBuildPhase;
			buildActionMask = 2147483647;
			files = (
				7CDBC7E118B9ADFE00438A77 /* ZTBirdTests.m in Sources */,
			);
			runOnlyForDeploymentPostprocessing = 0;
		};
/* End PBXSourcesBuildPhase section */

/* Begin PBXTargetDependency section */
		7CDBC7D918B9ADFE00438A77 /* PBXTargetDependency */ = {
			isa = PBXTargetDependency;
			target = 7CDBC7B118B9ADFD00438A77 /* ZTBird */;
			targetProxy = 7CDBC7D818B9ADFE00438A77 /* PBXContainerItemProxy */;
		};
/* End PBXTargetDependency section */

/* Begin PBXVariantGroup section */
		7CDBC7BE18B9ADFE00438A77 /* InfoPlist.strings */ = {
			isa = PBXVariantGroup;
			children = (
				7CDBC7BF18B9ADFE00438A77 /* en */,
			);
			name = InfoPlist.strings;
			sourceTree = "<group>";
		};
		7CDBC7C718B9ADFE00438A77 /* Main.storyboard */ = {
			isa = PBXVariantGroup;
			children = (
				7CDBC7C818B9ADFE00438A77 /* Base */,
			);
			name = Main.storyboard;
			sourceTree = "<group>";
		};
		7CDBC7DD18B9ADFE00438A77 /* InfoPlist.strings */ = {
			isa = PBXVariantGroup;
			children = (
				7CDBC7DE18B9ADFE00438A77 /* en */,
			);
			name = InfoPlist.strings;
			sourceTree = "<group>";
		};
/* End PBXVariantGroup section */

/* Begin XCBuildConfiguration section */
		7CDBC7E218B9ADFE00438A77 /* Debug */ = {
			isa = XCBuildConfiguration;
			buildSettings = {
				ALWAYS_SEARCH_USER_PATHS = NO;
				CLANG_CXX_LANGUAGE_STANDARD = "gnu++0x";
				CLANG_CXX_LIBRARY = "libc++";
				CLANG_ENABLE_MODULES = YES;
				CLANG_ENABLE_OBJC_ARC = YES;
				CLANG_WARN_BOOL_CONVERSION = YES;
				CLANG_WARN_CONSTANT_CONVERSION = YES;
				CLANG_WARN_DIRECT_OBJC_ISA_USAGE = YES_ERROR;
				CLANG_WARN_EMPTY_BODY = YES;
				CLANG_WARN_ENUM_CONVERSION = YES;
				CLANG_WARN_INT_CONVERSION = YES;
				CLANG_WARN_OBJC_ROOT_CLASS = YES_ERROR;
				CLANG_WARN__DUPLICATE_METHOD_MATCH = YES;
				"CODE_SIGN_IDENTITY[sdk=iphoneos*]" = "iPhone Developer";
				COPY_PHASE_STRIP = NO;
				GCC_C_LANGUAGE_STANDARD = gnu99;
				GCC_DYNAMIC_NO_PIC = NO;
				GCC_OPTIMIZATION_LEVEL = 0;
				GCC_PREPROCESSOR_DEFINITIONS = (
					"DEBUG=1",
					"$(inherited)",
				);
				GCC_SYMBOLS_PRIVATE_EXTERN = NO;
				GCC_WARN_64_TO_32_BIT_CONVERSION = YES;
				GCC_WARN_ABOUT_RETURN_TYPE = YES_ERROR;
				GCC_WARN_UNDECLARED_SELECTOR = YES;
				GCC_WARN_UNINITIALIZED_AUTOS = YES_AGGRESSIVE;
				GCC_WARN_UNUSED_FUNCTION = YES;
				GCC_WARN_UNUSED_VARIABLE = YES;
				IPHONEOS_DEPLOYMENT_TARGET = 7.1;
				ONLY_ACTIVE_ARCH = YES;
				SDKROOT = iphoneos;
			};
			name = Debug;
		};
		7CDBC7E318B9ADFE00438A77 /* Release */ = {
			isa = XCBuildConfiguration;
			buildSettings = {
				ALWAYS_SEARCH_USER_PATHS = NO;
				CLANG_CXX_LANGUAGE_STANDARD = "gnu++0x";
				CLANG_CXX_LIBRARY = "libc++";
				CLANG_ENABLE_MODULES = YES;
				CLANG_ENABLE_OBJC_ARC = YES;
				CLANG_WARN_BOOL_CONVERSION = YES;
				CLANG_WARN_CONSTANT_CONVERSION = YES;
				CLANG_WARN_DIRECT_OBJC_ISA_USAGE = YES_ERROR;
				CLANG_WARN_EMPTY_BODY = YES;
				CLANG_WARN_ENUM_CONVERSION = YES;
				CLANG_WARN_INT_CONVERSION = YES;
				CLANG_WARN_OBJC_ROOT_CLASS = YES_ERROR;
				CLANG_WARN__DUPLICATE_METHOD_MATCH = YES;
				"CODE_SIGN_IDENTITY[sdk=iphoneos*]" = "iPhone Developer";
				COPY_PHASE_STRIP = YES;
				ENABLE_NS_ASSERTIONS = NO;
				GCC_C_LANGUAGE_STANDARD = gnu99;
				GCC_WARN_64_TO_32_BIT_CONVERSION = YES;
				GCC_WARN_ABOUT_RETURN_TYPE = YES_ERROR;
				GCC_WARN_UNDECLARED_SELECTOR = YES;
				GCC_WARN_UNINITIALIZED_AUTOS = YES_AGGRESSIVE;
				GCC_WARN_UNUSED_FUNCTION = YES;
				GCC_WARN_UNUSED_VARIABLE = YES;
				IPHONEOS_DEPLOYMENT_TARGET = 7.1;
				SDKROOT = iphoneos;
				VALIDATE_PRODUCT = YES;
			};
			name = Release;
		};
		7CDBC7E518B9ADFE00438A77 /* Debug */ = {
			isa = XCBuildConfiguration;
			baseConfigurationReference = 455BAD983CC344C8A977DF22 /* Pods-ZTBird.xcconfig */;
			buildSettings = {
				ASSETCATALOG_COMPILER_APPICON_NAME = AppIcon;
				ASSETCATALOG_COMPILER_LAUNCHIMAGE_NAME = LaunchImage;
				CODE_SIGN_IDENTITY = "iPhone Developer";
				"CODE_SIGN_IDENTITY[sdk=iphoneos*]" = "iPhone Developer";
				GCC_PRECOMPILE_PREFIX_HEADER = YES;
				GCC_PREFIX_HEADER = "ZTBird/ZTBird-Prefix.pch";
				INFOPLIST_FILE = "ZTBird/ZTBird-Info.plist";
				IPHONEOS_DEPLOYMENT_TARGET = 7.0;
				PRODUCT_NAME = "$(TARGET_NAME)";
				PROVISIONING_PROFILE = "";
				WRAPPER_EXTENSION = app;
			};
			name = Debug;
		};
		7CDBC7E618B9ADFE00438A77 /* Release */ = {
			isa = XCBuildConfiguration;
			baseConfigurationReference = 455BAD983CC344C8A977DF22 /* Pods-ZTBird.xcconfig */;
			buildSettings = {
				ASSETCATALOG_COMPILER_APPICON_NAME = AppIcon;
				ASSETCATALOG_COMPILER_LAUNCHIMAGE_NAME = LaunchImage;
				CODE_SIGN_IDENTITY = "iPhone Developer";
				"CODE_SIGN_IDENTITY[sdk=iphoneos*]" = "iPhone Developer";
				GCC_PRECOMPILE_PREFIX_HEADER = YES;
				GCC_PREFIX_HEADER = "ZTBird/ZTBird-Prefix.pch";
				INFOPLIST_FILE = "ZTBird/ZTBird-Info.plist";
				IPHONEOS_DEPLOYMENT_TARGET = 7.0;
				PRODUCT_NAME = "$(TARGET_NAME)";
				PROVISIONING_PROFILE = "";
				WRAPPER_EXTENSION = app;
			};
			name = Release;
		};
		7CDBC7E818B9ADFE00438A77 /* Debug */ = {
			isa = XCBuildConfiguration;
			buildSettings = {
				BUNDLE_LOADER = "$(BUILT_PRODUCTS_DIR)/ZTBird.app/ZTBird";
				FRAMEWORK_SEARCH_PATHS = (
					"$(SDKROOT)/Developer/Library/Frameworks",
					"$(inherited)",
					"$(DEVELOPER_FRAMEWORKS_DIR)",
				);
				GCC_PRECOMPILE_PREFIX_HEADER = YES;
				GCC_PREFIX_HEADER = "ZTBird/ZTBird-Prefix.pch";
				GCC_PREPROCESSOR_DEFINITIONS = (
					"DEBUG=1",
					"$(inherited)",
				);
				INFOPLIST_FILE = "ZTBirdTests/ZTBirdTests-Info.plist";
				IPHONEOS_DEPLOYMENT_TARGET = 7.0;
				PRODUCT_NAME = "$(TARGET_NAME)";
				TEST_HOST = "$(BUNDLE_LOADER)";
				WRAPPER_EXTENSION = xctest;
			};
			name = Debug;
		};
		7CDBC7E918B9ADFE00438A77 /* Release */ = {
			isa = XCBuildConfiguration;
			buildSettings = {
				BUNDLE_LOADER = "$(BUILT_PRODUCTS_DIR)/ZTBird.app/ZTBird";
				FRAMEWORK_SEARCH_PATHS = (
					"$(SDKROOT)/Developer/Library/Frameworks",
					"$(inherited)",
					"$(DEVELOPER_FRAMEWORKS_DIR)",
				);
				GCC_PRECOMPILE_PREFIX_HEADER = YES;
				GCC_PREFIX_HEADER = "ZTBird/ZTBird-Prefix.pch";
				INFOPLIST_FILE = "ZTBirdTests/ZTBirdTests-Info.plist";
				IPHONEOS_DEPLOYMENT_TARGET = 7.0;
				PRODUCT_NAME = "$(TARGET_NAME)";
				TEST_HOST = "$(BUNDLE_LOADER)";
				WRAPPER_EXTENSION = xctest;
			};
			name = Release;
		};
/* End XCBuildConfiguration section */

/* Begin XCConfigurationList section */
		7CDBC7AD18B9ADFD00438A77 /* Build configuration list for PBXProject "ZTBird" */ = {
			isa = XCConfigurationList;
			buildConfigurations = (
				7CDBC7E218B9ADFE00438A77 /* Debug */,
				7CDBC7E318B9ADFE00438A77 /* Release */,
			);
			defaultConfigurationIsVisible = 0;
			defaultConfigurationName = Release;
		};
		7CDBC7E418B9ADFE00438A77 /* Build configuration list for PBXNativeTarget "ZTBird" */ = {
			isa = XCConfigurationList;
			buildConfigurations = (
				7CDBC7E518B9ADFE00438A77 /* Debug */,
				7CDBC7E618B9ADFE00438A77 /* Release */,
			);
			defaultConfigurationIsVisible = 0;
			defaultConfigurationName = Release;
		};
		7CDBC7E718B9ADFE00438A77 /* Build configuration list for PBXNativeTarget "ZTBirdTests" */ = {
			isa = XCConfigurationList;
			buildConfigurations = (
				7CDBC7E818B9ADFE00438A77 /* Debug */,
				7CDBC7E918B9ADFE00438A77 /* Release */,
			);
			defaultConfigurationIsVisible = 0;
			defaultConfigurationName = Release;
		};
/* End XCConfigurationList section */

/* Begin XCVersionGroup section */
		7CC5042A195E8565006AF1C2 /* TaxonModel.xcdatamodeld */ = {
			isa = XCVersionGroup;
			children = (
				7CC5042B195E8565006AF1C2 /* TaxonModel.xcdatamodel */,
			);
			currentVersion = 7CC5042B195E8565006AF1C2 /* TaxonModel.xcdatamodel */;
			name = TaxonModel.xcdatamodeld;
			path = ../TaxonModel.xcdatamodeld;
			sourceTree = "<group>";
			versionGroupType = wrapper.xcdatamodel;
		};
/* End XCVersionGroup section */
	};
	rootObject = 7CDBC7AA18B9ADFD00438A77 /* Project object */;
}
